
Microsoft Visual Studio Solution File, Format Version 12.00
# Visual Studio 14
VisualStudioVersion = 14.0.24720.0
MinimumVisualStudioVersion = 10.0.40219.1
Project("{FAE04EC0-301F-11D3-BF4B-00C04F79EFBC}") = "TinBot", "TinBot\TinBot.csproj", "{BD8EBD04-3ADB-4519-9AC6-9EE58A4AC957}"
EndProject
Project("{8BC9CEB8-8B4A-11D0-8D11-00A0C91BC942}") = "Microsoft.Maker.Serial", "..\..\remote-wiring\Microsoft.Maker.win10\Microsoft.Maker.Serial\Microsoft.Maker.Serial.vcxproj", "{8376216C-282A-4927-B9EF-C2D545FE0BCA}"
EndProject
Project("{8BC9CEB8-8B4A-11D0-8D11-00A0C91BC942}") = "Microsoft.Maker.RemoteWiring", "..\..\remote-wiring\Microsoft.Maker.win10\Microsoft.Maker.RemoteWiring\Microsoft.Maker.RemoteWiring.vcxproj", "{5A8B1BB1-7CD5-47C4-A1F7-D7BCF5FACAD1}"
EndProject
Project("{8BC9CEB8-8B4A-11D0-8D11-00A0C91BC942}") = "Microsoft.Maker.Firmata", "..\..\remote-wiring\Microsoft.Maker.win10\Microsoft.Maker.Firmata\Microsoft.Maker.Firmata.vcxproj", "{F0A53BC9-C617-47DD-8B68-F91E3502D633}"
EndProject
Project("{8BB2217D-0F2D-49D1-97BC-3654ED321F3B}") = "TinBot.Web", "TinBot.Web\TinBot.Web.xproj", "{323F1F0E-3F3B-46F7-9472-7A05E44D7EFE}"
EndProject
Project("{FAE04EC0-301F-11D3-BF4B-00C04F79EFBC}") = "TinBot.Portable", "TinBot.Portable\TinBot.Portable.csproj", "{8A61FB21-BF98-409D-8E26-0223DC74A9AB}"
EndProject
Global
	GlobalSection(SolutionConfigurationPlatforms) = preSolution
		Debug|Any CPU = Debug|Any CPU
		Debug|ARM = Debug|ARM
		Debug|x64 = Debug|x64
		Debug|x86 = Debug|x86
		Release|Any CPU = Release|Any CPU
		Release|ARM = Release|ARM
		Release|x64 = Release|x64
		Release|x86 = Release|x86
	EndGlobalSection
	GlobalSection(ProjectConfigurationPlatforms) = postSolution
		{BD8EBD04-3ADB-4519-9AC6-9EE58A4AC957}.Debug|Any CPU.ActiveCfg = Debug|x86
		{BD8EBD04-3ADB-4519-9AC6-9EE58A4AC957}.Debug|ARM.ActiveCfg = Debug|ARM
		{BD8EBD04-3ADB-4519-9AC6-9EE58A4AC957}.Debug|ARM.Build.0 = Debug|ARM
		{BD8EBD04-3ADB-4519-9AC6-9EE58A4AC957}.Debug|ARM.Deploy.0 = Debug|ARM
		{BD8EBD04-3ADB-4519-9AC6-9EE58A4AC957}.Debug|x64.ActiveCfg = Debug|x64
		{BD8EBD04-3ADB-4519-9AC6-9EE58A4AC957}.Debug|x64.Build.0 = Debug|x64
		{BD8EBD04-3ADB-4519-9AC6-9EE58A4AC957}.Debug|x64.Deploy.0 = Debug|x64
		{BD8EBD04-3ADB-4519-9AC6-9EE58A4AC957}.Debug|x86.ActiveCfg = Debug|x86
		{BD8EBD04-3ADB-4519-9AC6-9EE58A4AC957}.Debug|x86.Build.0 = Debug|x86
		{BD8EBD04-3ADB-4519-9AC6-9EE58A4AC957}.Debug|x86.Deploy.0 = Debug|x86
		{BD8EBD04-3ADB-4519-9AC6-9EE58A4AC957}.Release|Any CPU.ActiveCfg = Release|x86
		{BD8EBD04-3ADB-4519-9AC6-9EE58A4AC957}.Release|ARM.ActiveCfg = Release|ARM
		{BD8EBD04-3ADB-4519-9AC6-9EE58A4AC957}.Release|ARM.Build.0 = Release|ARM
		{BD8EBD04-3ADB-4519-9AC6-9EE58A4AC957}.Release|ARM.Deploy.0 = Release|ARM
		{BD8EBD04-3ADB-4519-9AC6-9EE58A4AC957}.Release|x64.ActiveCfg = Release|x64
		{BD8EBD04-3ADB-4519-9AC6-9EE58A4AC957}.Release|x64.Build.0 = Release|x64
		{BD8EBD04-3ADB-4519-9AC6-9EE58A4AC957}.Release|x64.Deploy.0 = Release|x64
		{BD8EBD04-3ADB-4519-9AC6-9EE58A4AC957}.Release|x86.ActiveCfg = Release|x86
		{BD8EBD04-3ADB-4519-9AC6-9EE58A4AC957}.Release|x86.Build.0 = Release|x86
		{BD8EBD04-3ADB-4519-9AC6-9EE58A4AC957}.Release|x86.Deploy.0 = Release|x86
		{8376216C-282A-4927-B9EF-C2D545FE0BCA}.Debug|Any CPU.ActiveCfg = Debug|Win32
		{8376216C-282A-4927-B9EF-C2D545FE0BCA}.Debug|ARM.ActiveCfg = Debug|ARM
		{8376216C-282A-4927-B9EF-C2D545FE0BCA}.Debug|ARM.Build.0 = Debug|ARM
		{8376216C-282A-4927-B9EF-C2D545FE0BCA}.Debug|x64.ActiveCfg = Debug|x64
		{8376216C-282A-4927-B9EF-C2D545FE0BCA}.Debug|x64.Build.0 = Debug|x64
		{8376216C-282A-4927-B9EF-C2D545FE0BCA}.Debug|x86.ActiveCfg = Debug|Win32
		{8376216C-282A-4927-B9EF-C2D545FE0BCA}.Debug|x86.Build.0 = Debug|Win32
		{8376216C-282A-4927-B9EF-C2D545FE0BCA}.Release|Any CPU.ActiveCfg = Release|Win32
		{8376216C-282A-4927-B9EF-C2D545FE0BCA}.Release|ARM.ActiveCfg = Release|ARM
		{8376216C-282A-4927-B9EF-C2D545FE0BCA}.Release|ARM.Build.0 = Release|ARM
		{8376216C-282A-4927-B9EF-C2D545FE0BCA}.Release|x64.ActiveCfg = Release|x64
		{8376216C-282A-4927-B9EF-C2D545FE0BCA}.Release|x64.Build.0 = Release|x64
		{8376216C-282A-4927-B9EF-C2D545FE0BCA}.Release|x86.ActiveCfg = Release|Win32
		{8376216C-282A-4927-B9EF-C2D545FE0BCA}.Release|x86.Build.0 = Release|Win32
		{5A8B1BB1-7CD5-47C4-A1F7-D7BCF5FACAD1}.Debug|Any CPU.ActiveCfg = Debug|Win32
		{5A8B1BB1-7CD5-47C4-A1F7-D7BCF5FACAD1}.Debug|ARM.ActiveCfg = Debug|ARM
		{5A8B1BB1-7CD5-47C4-A1F7-D7BCF5FACAD1}.Debug|ARM.Build.0 = Debug|ARM
		{5A8B1BB1-7CD5-47C4-A1F7-D7BCF5FACAD1}.Debug|x64.ActiveCfg = Debug|x64
		{5A8B1BB1-7CD5-47C4-A1F7-D7BCF5FACAD1}.Debug|x64.Build.0 = Debug|x64
		{5A8B1BB1-7CD5-47C4-A1F7-D7BCF5FACAD1}.Debug|x86.ActiveCfg = Debug|Win32
		{5A8B1BB1-7CD5-47C4-A1F7-D7BCF5FACAD1}.Debug|x86.Build.0 = Debug|Win32
		{5A8B1BB1-7CD5-47C4-A1F7-D7BCF5FACAD1}.Release|Any CPU.ActiveCfg = Release|Win32
		{5A8B1BB1-7CD5-47C4-A1F7-D7BCF5FACAD1}.Release|ARM.ActiveCfg = Release|ARM
		{5A8B1BB1-7CD5-47C4-A1F7-D7BCF5FACAD1}.Release|ARM.Build.0 = Release|ARM
		{5A8B1BB1-7CD5-47C4-A1F7-D7BCF5FACAD1}.Release|x64.ActiveCfg = Release|x64
		{5A8B1BB1-7CD5-47C4-A1F7-D7BCF5FACAD1}.Release|x64.Build.0 = Release|x64
		{5A8B1BB1-7CD5-47C4-A1F7-D7BCF5FACAD1}.Release|x86.ActiveCfg = Release|Win32
		{5A8B1BB1-7CD5-47C4-A1F7-D7BCF5FACAD1}.Release|x86.Build.0 = Release|Win32
		{F0A53BC9-C617-47DD-8B68-F91E3502D633}.Debug|Any CPU.ActiveCfg = Debug|Win32
		{F0A53BC9-C617-47DD-8B68-F91E3502D633}.Debug|ARM.ActiveCfg = Debug|ARM
		{F0A53BC9-C617-47DD-8B68-F91E3502D633}.Debug|ARM.Build.0 = Debug|ARM
		{F0A53BC9-C617-47DD-8B68-F91E3502D633}.Debug|x64.ActiveCfg = Debug|x64
		{F0A53BC9-C617-47DD-8B68-F91E3502D633}.Debug|x64.Build.0 = Debug|x64
		{F0A53BC9-C617-47DD-8B68-F91E3502D633}.Debug|x86.ActiveCfg = Debug|Win32
		{F0A53BC9-C617-47DD-8B68-F91E3502D633}.Debug|x86.Build.0 = Debug|Win32
		{F0A53BC9-C617-47DD-8B68-F91E3502D633}.Release|Any CPU.ActiveCfg = Release|Win32
		{F0A53BC9-C617-47DD-8B68-F91E3502D633}.Release|ARM.ActiveCfg = Release|ARM
		{F0A53BC9-C617-47DD-8B68-F91E3502D633}.Release|ARM.Build.0 = Release|ARM
		{F0A53BC9-C617-47DD-8B68-F91E3502D633}.Release|x64.ActiveCfg = Release|x64
		{F0A53BC9-C617-47DD-8B68-F91E3502D633}.Release|x64.Build.0 = Release|x64
		{F0A53BC9-C617-47DD-8B68-F91E3502D633}.Release|x86.ActiveCfg = Release|Win32
		{F0A53BC9-C617-47DD-8B68-F91E3502D633}.Release|x86.Build.0 = Release|Win32
		{323F1F0E-3F3B-46F7-9472-7A05E44D7EFE}.Debug|Any CPU.ActiveCfg = Debug|Any CPU
		{323F1F0E-3F3B-46F7-9472-7A05E44D7EFE}.Debug|Any CPU.Build.0 = Debug|Any CPU
		{323F1F0E-3F3B-46F7-9472-7A05E44D7EFE}.Debug|ARM.ActiveCfg = Debug|Any CPU
		{323F1F0E-3F3B-46F7-9472-7A05E44D7EFE}.Debug|ARM.Build.0 = Debug|Any CPU
		{323F1F0E-3F3B-46F7-9472-7A05E44D7EFE}.Debug|x64.ActiveCfg = Debug|Any CPU
		{323F1F0E-3F3B-46F7-9472-7A05E44D7EFE}.Debug|x64.Build.0 = Debug|Any CPU
		{323F1F0E-3F3B-46F7-9472-7A05E44D7EFE}.Debug|x86.ActiveCfg = Debug|Any CPU
		{323F1F0E-3F3B-46F7-9472-7A05E44D7EFE}.Debug|x86.Build.0 = Debug|Any CPU
		{323F1F0E-3F3B-46F7-9472-7A05E44D7EFE}.Release|Any CPU.ActiveCfg = Release|Any CPU
		{323F1F0E-3F3B-46F7-9472-7A05E44D7EFE}.Release|Any CPU.Build.0 = Release|Any CPU
		{323F1F0E-3F3B-46F7-9472-7A05E44D7EFE}.Release|ARM.ActiveCfg = Release|Any CPU
		{323F1F0E-3F3B-46F7-9472-7A05E44D7EFE}.Release|ARM.Build.0 = Release|Any CPU
		{323F1F0E-3F3B-46F7-9472-7A05E44D7EFE}.Release|x64.ActiveCfg = Release|Any CPU
		{323F1F0E-3F3B-46F7-9472-7A05E44D7EFE}.Release|x64.Build.0 = Release|Any CPU
		{323F1F0E-3F3B-46F7-9472-7A05E44D7EFE}.Release|x86.ActiveCfg = Release|Any CPU
		{323F1F0E-3F3B-46F7-9472-7A05E44D7EFE}.Release|x86.Build.0 = Release|Any CPU
		{8A61FB21-BF98-409D-8E26-0223DC74A9AB}.Debug|Any CPU.ActiveCfg = Debug|Any CPU
		{8A61FB21-BF98-409D-8E26-0223DC74A9AB}.Debug|Any CPU.Build.0 = Debug|Any CPU
		{8A61FB21-BF98-409D-8E26-0223DC74A9AB}.Debug|ARM.ActiveCfg = Debug|Any CPU
		{8A61FB21-BF98-409D-8E26-0223DC74A9AB}.Debug|ARM.Build.0 = Debug|Any CPU
		{8A61FB21-BF98-409D-8E26-0223DC74A9AB}.Debug|x64.ActiveCfg = Debug|Any CPU
		{8A61FB21-BF98-409D-8E26-0223DC74A9AB}.Debug|x64.Build.0 = Debug|Any CPU
		{8A61FB21-BF98-409D-8E26-0223DC74A9AB}.Debug|x86.ActiveCfg = Debug|Any CPU
		{8A61FB21-BF98-409D-8E26-0223DC74A9AB}.Debug|x86.Build.0 = Debug|Any CPU
		{8A61FB21-BF98-409D-8E26-0223DC74A9AB}.Release|Any CPU.ActiveCfg = Release|Any CPU
		{8A61FB21-BF98-409D-8E26-0223DC74A9AB}.Release|Any CPU.Build.0 = Release|Any CPU
		{8A61FB21-BF98-409D-8E26-0223DC74A9AB}.Release|ARM.ActiveCfg = Release|Any CPU
		{8A61FB21-BF98-409D-8E26-0223DC74A9AB}.Release|ARM.Build.0 = Release|Any CPU
		{8A61FB21-BF98-409D-8E26-0223DC74A9AB}.Release|x64.ActiveCfg = Release|Any CPU
		{8A61FB21-BF98-409D-8E26-0223DC74A9AB}.Release|x64.Build.0 = Release|Any CPU
		{8A61FB21-BF98-409D-8E26-0223DC74A9AB}.Release|x86.ActiveCfg = Release|Any CPU
		{8A61FB21-BF98-409D-8E26-0223DC74A9AB}.Release|x86.Build.0 = Release|Any CPU
	EndGlobalSection
	GlobalSection(SolutionProperties) = preSolution
		HideSolutionNode = FALSE
	EndGlobalSection
EndGlobal
